
Microsoft Visual Studio Solution File, Format Version 12.00
# Visual Studio Version 17
VisualStudioVersion = 17.2.32526.322
MinimumVisualStudioVersion = 10.0.40219.1
Project("{FAE04EC0-301F-11D3-BF4B-00C04F79EFBC}") = "ProyectoNugetCoches", "ProyectoNugetCoches\ProyectoNugetCoches.csproj", "{680CD0B7-EBC3-4ABA-98F9-E8F22B0751CE}"
EndProject
Global
	GlobalSection(SolutionConfigurationPlatforms) = preSolution
		Debug|Any CPU = Debug|Any CPU
		Release|Any CPU = Release|Any CPU
	EndGlobalSection
	GlobalSection(ProjectConfigurationPlatforms) = postSolution
		{680CD0B7-EBC3-4ABA-98F9-E8F22B0751CE}.Debug|Any CPU.ActiveCfg = Debug|Any CPU
		{680CD0B7-EBC3-4ABA-98F9-E8F22B0751CE}.Debug|Any CPU.Build.0 = Debug|Any CPU
		{680CD0B7-EBC3-4ABA-98F9-E8F22B0751CE}.Release|Any CPU.ActiveCfg = Release|Any CPU
		{680CD0B7-EBC3-4ABA-98F9-E8F22B0751CE}.Release|Any CPU.Build.0 = Release|Any CPU
	EndGlobalSection
	GlobalSection(SolutionProperties) = preSolution
		HideSolutionNode = FALSE
	EndGlobalSection
	GlobalSection(ExtensibilityGlobals) = postSolution
		SolutionGuid = {28BD1FD1-71AD-47E2-98F9-65C2A08DF1AB}
	EndGlobalSection
EndGlobal
