
Microsoft Visual Studio Solution File, Format Version 12.00
# Visual Studio Version 17
VisualStudioVersion = 17.2.32526.322
MinimumVisualStudioVersion = 10.0.40219.1
Project("{FAE04EC0-301F-11D3-BF4B-00C04F79EFBC}") = "AppDocker", "AppDocker\AppDocker.csproj", "{77EEEFFF-923A-4D7E-89C1-C973CA80971A}"
EndProject
Global
	GlobalSection(SolutionConfigurationPlatforms) = preSolution
		Debug|Any CPU = Debug|Any CPU
		Release|Any CPU = Release|Any CPU
	EndGlobalSection
	GlobalSection(ProjectConfigurationPlatforms) = postSolution
		{77EEEFFF-923A-4D7E-89C1-C973CA80971A}.Debug|Any CPU.ActiveCfg = Debug|Any CPU
		{77EEEFFF-923A-4D7E-89C1-C973CA80971A}.Debug|Any CPU.Build.0 = Debug|Any CPU
		{77EEEFFF-923A-4D7E-89C1-C973CA80971A}.Release|Any CPU.ActiveCfg = Release|Any CPU
		{77EEEFFF-923A-4D7E-89C1-C973CA80971A}.Release|Any CPU.Build.0 = Release|Any CPU
	EndGlobalSection
	GlobalSection(SolutionProperties) = preSolution
		HideSolutionNode = FALSE
	EndGlobalSection
	GlobalSection(ExtensibilityGlobals) = postSolution
		SolutionGuid = {D30D26D6-58C0-4544-8CFA-B2F94E4ECB0E}
	EndGlobalSection
EndGlobal
