
Microsoft Visual Studio Solution File, Format Version 12.00
# Visual Studio Version 17
VisualStudioVersion = 17.2.32526.322
MinimumVisualStudioVersion = 10.0.40219.1
Project("{FAE04EC0-301F-11D3-BF4B-00C04F79EFBC}") = "MvcCoreEnfermosEF", "MvcCoreEnfermosEF\MvcCoreEnfermosEF.csproj", "{548553FC-4446-4E3B-A6F6-1BA9AA53F691}"
EndProject
Global
	GlobalSection(SolutionConfigurationPlatforms) = preSolution
		Debug|Any CPU = Debug|Any CPU
		Release|Any CPU = Release|Any CPU
	EndGlobalSection
	GlobalSection(ProjectConfigurationPlatforms) = postSolution
		{548553FC-4446-4E3B-A6F6-1BA9AA53F691}.Debug|Any CPU.ActiveCfg = Debug|Any CPU
		{548553FC-4446-4E3B-A6F6-1BA9AA53F691}.Debug|Any CPU.Build.0 = Debug|Any CPU
		{548553FC-4446-4E3B-A6F6-1BA9AA53F691}.Release|Any CPU.ActiveCfg = Release|Any CPU
		{548553FC-4446-4E3B-A6F6-1BA9AA53F691}.Release|Any CPU.Build.0 = Release|Any CPU
	EndGlobalSection
	GlobalSection(SolutionProperties) = preSolution
		HideSolutionNode = FALSE
	EndGlobalSection
	GlobalSection(ExtensibilityGlobals) = postSolution
		SolutionGuid = {D419EEFD-2D26-4E31-A46E-ECB744023D4F}
	EndGlobalSection
EndGlobal
