
Microsoft Visual Studio Solution File, Format Version 12.00
# Visual Studio Version 17
VisualStudioVersion = 17.2.32526.322
MinimumVisualStudioVersion = 10.0.40219.1
Project("{FAE04EC0-301F-11D3-BF4B-00C04F79EFBC}") = "ApiCorePersonas", "ApiCorePersonas\ApiCorePersonas.csproj", "{6632A1D0-264B-4D3B-AB73-D9089784A8C8}"
EndProject
Global
	GlobalSection(SolutionConfigurationPlatforms) = preSolution
		Debug|Any CPU = Debug|Any CPU
		Release|Any CPU = Release|Any CPU
	EndGlobalSection
	GlobalSection(ProjectConfigurationPlatforms) = postSolution
		{6632A1D0-264B-4D3B-AB73-D9089784A8C8}.Debug|Any CPU.ActiveCfg = Debug|Any CPU
		{6632A1D0-264B-4D3B-AB73-D9089784A8C8}.Debug|Any CPU.Build.0 = Debug|Any CPU
		{6632A1D0-264B-4D3B-AB73-D9089784A8C8}.Release|Any CPU.ActiveCfg = Release|Any CPU
		{6632A1D0-264B-4D3B-AB73-D9089784A8C8}.Release|Any CPU.Build.0 = Release|Any CPU
	EndGlobalSection
	GlobalSection(SolutionProperties) = preSolution
		HideSolutionNode = FALSE
	EndGlobalSection
	GlobalSection(ExtensibilityGlobals) = postSolution
		SolutionGuid = {3A086741-2C86-46C3-AE61-DCBD29FD0FD9}
	EndGlobalSection
EndGlobal
