
Microsoft Visual Studio Solution File, Format Version 12.00
# Visual Studio Version 17
VisualStudioVersion = 17.2.32526.322
MinimumVisualStudioVersion = 10.0.40219.1
Project("{FAE04EC0-301F-11D3-BF4B-00C04F79EFBC}") = "MvcCoreApiCrudDoctor", "MvcCoreApiCrudDoctor\MvcCoreApiCrudDoctor.csproj", "{795FE1FA-EFFC-486F-A51B-5001FC59494B}"
EndProject
Global
	GlobalSection(SolutionConfigurationPlatforms) = preSolution
		Debug|Any CPU = Debug|Any CPU
		Release|Any CPU = Release|Any CPU
	EndGlobalSection
	GlobalSection(ProjectConfigurationPlatforms) = postSolution
		{795FE1FA-EFFC-486F-A51B-5001FC59494B}.Debug|Any CPU.ActiveCfg = Debug|Any CPU
		{795FE1FA-EFFC-486F-A51B-5001FC59494B}.Debug|Any CPU.Build.0 = Debug|Any CPU
		{795FE1FA-EFFC-486F-A51B-5001FC59494B}.Release|Any CPU.ActiveCfg = Release|Any CPU
		{795FE1FA-EFFC-486F-A51B-5001FC59494B}.Release|Any CPU.Build.0 = Release|Any CPU
	EndGlobalSection
	GlobalSection(SolutionProperties) = preSolution
		HideSolutionNode = FALSE
	EndGlobalSection
	GlobalSection(ExtensibilityGlobals) = postSolution
		SolutionGuid = {1F949B88-6835-45D3-916D-FF261D1C68EE}
	EndGlobalSection
EndGlobal
