
Microsoft Visual Studio Solution File, Format Version 12.00
# Visual Studio Version 17
VisualStudioVersion = 17.2.32526.322
MinimumVisualStudioVersion = 10.0.40219.1
Project("{FAE04EC0-301F-11D3-BF4B-00C04F79EFBC}") = "MvcCoreAppInsightsDonativos", "MvcCoreAppInsightsDonativos\MvcCoreAppInsightsDonativos.csproj", "{5C16120B-98D4-4BCE-9927-AC6F5E766049}"
EndProject
Global
	GlobalSection(SolutionConfigurationPlatforms) = preSolution
		Debug|Any CPU = Debug|Any CPU
		Release|Any CPU = Release|Any CPU
	EndGlobalSection
	GlobalSection(ProjectConfigurationPlatforms) = postSolution
		{5C16120B-98D4-4BCE-9927-AC6F5E766049}.Debug|Any CPU.ActiveCfg = Debug|Any CPU
		{5C16120B-98D4-4BCE-9927-AC6F5E766049}.Debug|Any CPU.Build.0 = Debug|Any CPU
		{5C16120B-98D4-4BCE-9927-AC6F5E766049}.Release|Any CPU.ActiveCfg = Release|Any CPU
		{5C16120B-98D4-4BCE-9927-AC6F5E766049}.Release|Any CPU.Build.0 = Release|Any CPU
	EndGlobalSection
	GlobalSection(SolutionProperties) = preSolution
		HideSolutionNode = FALSE
	EndGlobalSection
	GlobalSection(ExtensibilityGlobals) = postSolution
		SolutionGuid = {0BEEF674-6F4F-4C28-BAB9-A4306A3C109B}
	EndGlobalSection
EndGlobal
